
Microsoft Visual Studio Solution File, Format Version 12.00
# Visual Studio 15
VisualStudioVersion = 15.0.27703.2035
MinimumVisualStudioVersion = 10.0.40219.1
Project("{FAE04EC0-301F-11D3-BF4B-00C04F79EFBC}") = "CSharpMessageQueue", "CSharpMessageQueue\CSharpMessageQueue.csproj", "{84AAFEEB-9530-4562-8B58-648B8619C933}"
EndProject
Project("{FAE04EC0-301F-11D3-BF4B-00C04F79EFBC}") = "CSharpMessageQueueClient", "CSharpMessageQueueClient\CSharpMessageQueueClient.csproj", "{3C0D82F9-AA5B-41FD-94AB-DC0E8F34E218}"
EndProject
Project("{FAE04EC0-301F-11D3-BF4B-00C04F79EFBC}") = "Client1", "Client1\Client1.csproj", "{40795B3D-A734-4E14-B1A7-7A0A9A272454}"
EndProject
Project("{FAE04EC0-301F-11D3-BF4B-00C04F79EFBC}") = "Client2", "Client2\Client2.csproj", "{8160751E-475A-4A22-9D2B-7CA9666AE423}"
EndProject
Global
	GlobalSection(SolutionConfigurationPlatforms) = preSolution
		Debug|Any CPU = Debug|Any CPU
		Release|Any CPU = Release|Any CPU
	EndGlobalSection
	GlobalSection(ProjectConfigurationPlatforms) = postSolution
		{84AAFEEB-9530-4562-8B58-648B8619C933}.Debug|Any CPU.ActiveCfg = Debug|Any CPU
		{84AAFEEB-9530-4562-8B58-648B8619C933}.Debug|Any CPU.Build.0 = Debug|Any CPU
		{84AAFEEB-9530-4562-8B58-648B8619C933}.Release|Any CPU.ActiveCfg = Release|Any CPU
		{84AAFEEB-9530-4562-8B58-648B8619C933}.Release|Any CPU.Build.0 = Release|Any CPU
		{3C0D82F9-AA5B-41FD-94AB-DC0E8F34E218}.Debug|Any CPU.ActiveCfg = Debug|Any CPU
		{3C0D82F9-AA5B-41FD-94AB-DC0E8F34E218}.Debug|Any CPU.Build.0 = Debug|Any CPU
		{3C0D82F9-AA5B-41FD-94AB-DC0E8F34E218}.Release|Any CPU.ActiveCfg = Release|Any CPU
		{3C0D82F9-AA5B-41FD-94AB-DC0E8F34E218}.Release|Any CPU.Build.0 = Release|Any CPU
		{40795B3D-A734-4E14-B1A7-7A0A9A272454}.Debug|Any CPU.ActiveCfg = Debug|Any CPU
		{40795B3D-A734-4E14-B1A7-7A0A9A272454}.Debug|Any CPU.Build.0 = Debug|Any CPU
		{40795B3D-A734-4E14-B1A7-7A0A9A272454}.Release|Any CPU.ActiveCfg = Release|Any CPU
		{40795B3D-A734-4E14-B1A7-7A0A9A272454}.Release|Any CPU.Build.0 = Release|Any CPU
		{8160751E-475A-4A22-9D2B-7CA9666AE423}.Debug|Any CPU.ActiveCfg = Debug|Any CPU
		{8160751E-475A-4A22-9D2B-7CA9666AE423}.Debug|Any CPU.Build.0 = Debug|Any CPU
		{8160751E-475A-4A22-9D2B-7CA9666AE423}.Release|Any CPU.ActiveCfg = Release|Any CPU
		{8160751E-475A-4A22-9D2B-7CA9666AE423}.Release|Any CPU.Build.0 = Release|Any CPU
	EndGlobalSection
	GlobalSection(SolutionProperties) = preSolution
		HideSolutionNode = FALSE
	EndGlobalSection
	GlobalSection(ExtensibilityGlobals) = postSolution
		SolutionGuid = {37A4C8A8-BD08-426C-83A1-C1E92800AD57}
	EndGlobalSection
EndGlobal
